
Microsoft Visual Studio Solution File, Format Version 12.00
# Visual Studio 15
VisualStudioVersion = 15.0.27130.2036
MinimumVisualStudioVersion = 10.0.40219.1
Project("{2150E333-8FDC-42A3-9474-1A3956D46DE8}") = "Solution Items", "Solution Items", "{DA1DBCA2-3C4E-410D-B186-806702DD0459}"
	ProjectSection(SolutionItems) = preProject
		PCSC.dll = PCSC.dll
		PCSC.Iso7816.dll = PCSC.Iso7816.dll
		readme.txt = readme.txt
	EndProjectSection
EndProject
Project("{FAE04EC0-301F-11D3-BF4B-00C04F79EFBC}") = "EasyPayDemo", "EasyPayDemo\EasyPayDemo.csproj", "{B6FE1FDB-981E-42C0-A692-FB5F489A38A7}"
EndProject
Project("{FAE04EC0-301F-11D3-BF4B-00C04F79EFBC}") = "CardReaderTest", "CardReaderTest\CardReaderTest.csproj", "{576A3279-7948-42A1-B95F-910E2EC7472C}"
EndProject
Global
	GlobalSection(SolutionConfigurationPlatforms) = preSolution
		Debug|Any CPU = Debug|Any CPU
		Release|Any CPU = Release|Any CPU
	EndGlobalSection
	GlobalSection(ProjectConfigurationPlatforms) = postSolution
		{B6FE1FDB-981E-42C0-A692-FB5F489A38A7}.Debug|Any CPU.ActiveCfg = Debug|Any CPU
		{B6FE1FDB-981E-42C0-A692-FB5F489A38A7}.Debug|Any CPU.Build.0 = Debug|Any CPU
		{B6FE1FDB-981E-42C0-A692-FB5F489A38A7}.Release|Any CPU.ActiveCfg = Release|Any CPU
		{B6FE1FDB-981E-42C0-A692-FB5F489A38A7}.Release|Any CPU.Build.0 = Release|Any CPU
		{576A3279-7948-42A1-B95F-910E2EC7472C}.Debug|Any CPU.ActiveCfg = Debug|Any CPU
		{576A3279-7948-42A1-B95F-910E2EC7472C}.Debug|Any CPU.Build.0 = Debug|Any CPU
		{576A3279-7948-42A1-B95F-910E2EC7472C}.Release|Any CPU.ActiveCfg = Release|Any CPU
		{576A3279-7948-42A1-B95F-910E2EC7472C}.Release|Any CPU.Build.0 = Release|Any CPU
	EndGlobalSection
	GlobalSection(SolutionProperties) = preSolution
		HideSolutionNode = FALSE
	EndGlobalSection
	GlobalSection(ExtensibilityGlobals) = postSolution
		SolutionGuid = {0B2F5638-9FEA-4F53-A318-E28655C210CD}
	EndGlobalSection
EndGlobal
